# This file is autogenerated, do not edit; changes may be undone by the next 'dep ensure'.


[[projects]]
  name = "github.com/dgrijalva/jwt-go"
  packages = ["."]
  revision = "268038b363c7a8d7306b8e35bf77a1fde4b0c402"
  version = "v2.7.0"

[[projects]]
  name = "github.com/fanout/go-gripcontrol"
  packages = ["."]
  revision = "4f60bb520c4e6ce0520f79a8e882ba7aa8286ac3"
  version = "1.0.1"

[[projects]]
  name = "github.com/fanout/go-pubcontrol"
  packages = ["."]
  revision = "37d5e09163ceb5ff833f2101687a259fca223c81"
  version = "1.0.2"

[[projects]]
  name = "github.com/newrelic/go-agent"
  packages = [".","internal","internal/cat","internal/jsonx","internal/logger","internal/sysinfo","internal/utilization"]
  revision = "f5bce3387232559bcbe6a5f8227c4bf508dac1ba"
  version = "v1.11.0"

[[projects]]
  name = "github.com/urfave/negroni"
  packages = ["."]
  revision = "5dbbc83f748fc3ad38585842b0aedab546d0ea1e"
  version = "v0.3.0"

[solve-meta]
  analyzer-name = "dep"
  analyzer-version = 1
  inputs-digest = "e20366e2ab72d0bc27d8a11774514d17054390e897256ea349bf204a3da3c659"
  solver-name = "gps-cdcl"
  solver-version = 1
